{
  "meteor": {},
  "dependencies": {
    "basePackages": {
      "iron-router": {},
      "bootstrap-3": {},
      "font-awesome": {},
      "accounts-ui-bootstrap-3-blaze": {}
    },
    "packages": {
      "iron-router": {
        "git": "https://github.com/EventedMind/iron-router.git",
        "tag": "v0.7.1",
        "commit": "d1ffb3f06ea4c112132b030f2eb1a70b81675ecb"
      },
      "bootstrap-3": {
        "git": "https://github.com/mangasocial/meteor-bootstrap-3.git",
        "tag": "v3.2.0-1",
        "commit": "17a63902fc6cf1096c5289d963c66cf28b474727"
      },
      "font-awesome": {
        "git": "https://github.com/nate-strauser/meteor-font-awesome.git",
        "tag": "v4.1.0",
        "commit": "ce6b1e92715d1938babc5d69c655c17e387f5926"
      },
      "accounts-ui-bootstrap-3-blaze": {
        "git": "https://github.com/rajit/meteor-accounts-ui-bootstrap-3.git",
        "tag": "v0.3.9",
        "commit": "1f21dbc5cadc788c0ada5df4f730b26660a1d5ea"
      },
      "blaze-layout": {
        "git": "https://github.com/EventedMind/blaze-layout.git",
        "tag": "v0.2.4",
        "commit": "b40e9b0612329288d75cf52ad14a7da64bb8618f"
      }
    }
  }
}
